
Microsoft Visual Studio Solution File, Format Version 12.00
# Visual Studio Version 17
VisualStudioVersion = 17.9.34622.214
MinimumVisualStudioVersion = 10.0.40219.1
Project("{FAE04EC0-301F-11D3-BF4B-00C04F79EFBC}") = "Readable", "Readable\Readable.csproj", "{B10849CD-914E-451E-A3AE-FC7A63C94343}"
EndProject
Global
	GlobalSection(SolutionConfigurationPlatforms) = preSolution
		Debug|Any CPU = Debug|Any CPU
		Release|Any CPU = Release|Any CPU
	EndGlobalSection
	GlobalSection(ProjectConfigurationPlatforms) = postSolution
		{B10849CD-914E-451E-A3AE-FC7A63C94343}.Debug|Any CPU.ActiveCfg = Debug|Any CPU
		{B10849CD-914E-451E-A3AE-FC7A63C94343}.Debug|Any CPU.Build.0 = Debug|Any CPU
		{B10849CD-914E-451E-A3AE-FC7A63C94343}.Release|Any CPU.ActiveCfg = Release|Any CPU
		{B10849CD-914E-451E-A3AE-FC7A63C94343}.Release|Any CPU.Build.0 = Release|Any CPU
	EndGlobalSection
	GlobalSection(SolutionProperties) = preSolution
		HideSolutionNode = FALSE
	EndGlobalSection
	GlobalSection(ExtensibilityGlobals) = postSolution
		SolutionGuid = {3E9387F6-19BD-4035-A486-0970974CF117}
	EndGlobalSection
EndGlobal
